
Microsoft Visual Studio Solution File, Format Version 12.00
# Visual Studio 2012
Project("{FAE04EC0-301F-11D3-BF4B-00C04F79EFBC}") = "DependencyExplorer", "DependencyExplorer\DependencyExplorer.csproj", "{41392E02-185E-4AE0-9181-889FD0F303FE}"
EndProject
Project("{FAE04EC0-301F-11D3-BF4B-00C04F79EFBC}") = "Licensing.Model", "Licensing.Model\Licensing.Model.csproj", "{8599D678-1D9A-4896-9776-A323FB438382}"
EndProject
Global
	GlobalSection(SolutionConfigurationPlatforms) = preSolution
		Debug|Any CPU = Debug|Any CPU
		Release|Any CPU = Release|Any CPU
	EndGlobalSection
	GlobalSection(ProjectConfigurationPlatforms) = postSolution
		{41392E02-185E-4AE0-9181-889FD0F303FE}.Debug|Any CPU.ActiveCfg = Debug|Any CPU
		{41392E02-185E-4AE0-9181-889FD0F303FE}.Debug|Any CPU.Build.0 = Debug|Any CPU
		{41392E02-185E-4AE0-9181-889FD0F303FE}.Release|Any CPU.ActiveCfg = Release|Any CPU
		{41392E02-185E-4AE0-9181-889FD0F303FE}.Release|Any CPU.Build.0 = Release|Any CPU
		{8599D678-1D9A-4896-9776-A323FB438382}.Debug|Any CPU.ActiveCfg = Debug|Any CPU
		{8599D678-1D9A-4896-9776-A323FB438382}.Debug|Any CPU.Build.0 = Debug|Any CPU
		{8599D678-1D9A-4896-9776-A323FB438382}.Release|Any CPU.ActiveCfg = Release|Any CPU
		{8599D678-1D9A-4896-9776-A323FB438382}.Release|Any CPU.Build.0 = Release|Any CPU
	EndGlobalSection
	GlobalSection(SolutionProperties) = preSolution
		HideSolutionNode = FALSE
	EndGlobalSection
EndGlobal
